
Microsoft Visual Studio Solution File, Format Version 12.00
# Visual Studio Version 17
VisualStudioVersion = 17.4.33213.308
MinimumVisualStudioVersion = 10.0.40219.1
Project("{FAE04EC0-301F-11D3-BF4B-00C04F79EFBC}") = "Homework03", "Homework03\Homework03.csproj", "{BC87CA1F-9977-4F64-BB15-14FE06442FBE}"
EndProject
Global
	GlobalSection(SolutionConfigurationPlatforms) = preSolution
		Debug|Any CPU = Debug|Any CPU
		Release|Any CPU = Release|Any CPU
	EndGlobalSection
	GlobalSection(ProjectConfigurationPlatforms) = postSolution
		{BC87CA1F-9977-4F64-BB15-14FE06442FBE}.Debug|Any CPU.ActiveCfg = Debug|Any CPU
		{BC87CA1F-9977-4F64-BB15-14FE06442FBE}.Debug|Any CPU.Build.0 = Debug|Any CPU
		{BC87CA1F-9977-4F64-BB15-14FE06442FBE}.Release|Any CPU.ActiveCfg = Release|Any CPU
		{BC87CA1F-9977-4F64-BB15-14FE06442FBE}.Release|Any CPU.Build.0 = Release|Any CPU
	EndGlobalSection
	GlobalSection(SolutionProperties) = preSolution
		HideSolutionNode = FALSE
	EndGlobalSection
	GlobalSection(ExtensibilityGlobals) = postSolution
		SolutionGuid = {374A3EFE-30BF-4747-8DB0-455EBB353CD8}
	EndGlobalSection
EndGlobal
